
Microsoft Visual Studio Solution File, Format Version 12.00
# Visual Studio Express 15 for Windows Desktop
VisualStudioVersion = 15.0.27703.2047
MinimumVisualStudioVersion = 10.0.40219.1
Project("{FAE04EC0-301F-11D3-BF4B-00C04F79EFBC}") = "MethodInvoker", "MethodInvoker\MethodInvoker.csproj", "{34451D29-FCEA-408E-B0DA-D818D49DA6C7}"
EndProject
Global
	GlobalSection(SolutionConfigurationPlatforms) = preSolution
		Debug|Any CPU = Debug|Any CPU
		Release|Any CPU = Release|Any CPU
	EndGlobalSection
	GlobalSection(ProjectConfigurationPlatforms) = postSolution
		{34451D29-FCEA-408E-B0DA-D818D49DA6C7}.Debug|Any CPU.ActiveCfg = Debug|Any CPU
		{34451D29-FCEA-408E-B0DA-D818D49DA6C7}.Debug|Any CPU.Build.0 = Debug|Any CPU
		{34451D29-FCEA-408E-B0DA-D818D49DA6C7}.Release|Any CPU.ActiveCfg = Release|Any CPU
		{34451D29-FCEA-408E-B0DA-D818D49DA6C7}.Release|Any CPU.Build.0 = Release|Any CPU
	EndGlobalSection
	GlobalSection(SolutionProperties) = preSolution
		HideSolutionNode = FALSE
	EndGlobalSection
	GlobalSection(ExtensibilityGlobals) = postSolution
		SolutionGuid = {80DF3F8C-B254-4EF9-B4FC-BB9D04D944A1}
	EndGlobalSection
EndGlobal
